
Microsoft Visual Studio Solution File, Format Version 12.00
# Visual Studio 15
VisualStudioVersion = 15.0.28010.2046
MinimumVisualStudioVersion = 10.0.40219.1
Project("{FAE04EC0-301F-11D3-BF4B-00C04F79EFBC}") = "ProjectEuler", "ProjectEuler\ProjectEuler.csproj", "{F577A09E-3326-4572-A113-F19BC82421F4}"
EndProject
Global
	GlobalSection(SolutionConfigurationPlatforms) = preSolution
		Debug|Any CPU = Debug|Any CPU
		Release|Any CPU = Release|Any CPU
	EndGlobalSection
	GlobalSection(ProjectConfigurationPlatforms) = postSolution
		{F577A09E-3326-4572-A113-F19BC82421F4}.Debug|Any CPU.ActiveCfg = Debug|Any CPU
		{F577A09E-3326-4572-A113-F19BC82421F4}.Debug|Any CPU.Build.0 = Debug|Any CPU
		{F577A09E-3326-4572-A113-F19BC82421F4}.Release|Any CPU.ActiveCfg = Release|Any CPU
		{F577A09E-3326-4572-A113-F19BC82421F4}.Release|Any CPU.Build.0 = Release|Any CPU
	EndGlobalSection
	GlobalSection(SolutionProperties) = preSolution
		HideSolutionNode = FALSE
	EndGlobalSection
	GlobalSection(ExtensibilityGlobals) = postSolution
		SolutionGuid = {47AFF203-A62B-4C2B-909D-8D2B8DBDF166}
	EndGlobalSection
EndGlobal
